
Microsoft Visual Studio Solution File, Format Version 12.00
# Visual Studio Version 16
VisualStudioVersion = 16.0.30711.63
MinimumVisualStudioVersion = 10.0.40219.1
Project("{FAE04EC0-301F-11D3-BF4B-00C04F79EFBC}") = "Register", "Register\Register.csproj", "{B08A0710-BE64-44D1-8587-AE6431F33C3E}"
EndProject
Project("{54435603-DBB4-11D2-8724-00A0C9A8B90C}") = "New Register", "New Register\New Register.vdproj", "{3DDB1D7A-081B-43B0-98FD-5F1F21A8816E}"
EndProject
Global
	GlobalSection(SolutionConfigurationPlatforms) = preSolution
		Debug|Any CPU = Debug|Any CPU
		Release|Any CPU = Release|Any CPU
	EndGlobalSection
	GlobalSection(ProjectConfigurationPlatforms) = postSolution
		{B08A0710-BE64-44D1-8587-AE6431F33C3E}.Debug|Any CPU.ActiveCfg = Debug|Any CPU
		{B08A0710-BE64-44D1-8587-AE6431F33C3E}.Debug|Any CPU.Build.0 = Debug|Any CPU
		{B08A0710-BE64-44D1-8587-AE6431F33C3E}.Release|Any CPU.ActiveCfg = Release|Any CPU
		{B08A0710-BE64-44D1-8587-AE6431F33C3E}.Release|Any CPU.Build.0 = Release|Any CPU
		{3DDB1D7A-081B-43B0-98FD-5F1F21A8816E}.Debug|Any CPU.ActiveCfg = Debug
		{3DDB1D7A-081B-43B0-98FD-5F1F21A8816E}.Release|Any CPU.ActiveCfg = Release
	EndGlobalSection
	GlobalSection(SolutionProperties) = preSolution
		HideSolutionNode = FALSE
	EndGlobalSection
	GlobalSection(ExtensibilityGlobals) = postSolution
		SolutionGuid = {A7B2486B-751E-43AA-BB08-F470B759CD67}
	EndGlobalSection
EndGlobal
